// !$*UTF8*$!
{
	archiveVersion = 1;
	classes = {
	};
	objectVersion = 50;
	objects = {

/* Begin PBXBuildFile section */
		5FC0F6B121EF103A002F64CF /* AppDelegate.swift in Sources */ = {isa = PBXBuildFile; fileRef = 5FC0F6B021EF103A002F64CF /* AppDelegate.swift */; };
		5FC0F6B321EF103A002F64CF /* ViewController.swift in Sources */ = {isa = PBXBuildFile; fileRef = 5FC0F6B221EF103A002F64CF /* ViewController.swift */; };
		5FC0F6B621EF103A002F64CF /* Main.storyboard in Resources */ = {isa = PBXBuildFile; fileRef = 5FC0F6B421EF103A002F64CF /* Main.storyboard */; };
		5FC0F6B821EF103D002F64CF /* Assets.xcassets in Resources */ = {isa = PBXBuildFile; fileRef = 5FC0F6B721EF103D002F64CF /* Assets.xcassets */; };
		5FC0F6BB21EF103D002F64CF /* LaunchScreen.storyboard in Resources */ = {isa = PBXBuildFile; fileRef = 5FC0F6B921EF103D002F64CF /* LaunchScreen.storyboard */; };
		5FC0F6C621EF103D002F64CF /* wine_appTests.swift in Sources */ = {isa = PBXBuildFile; fileRef = 5FC0F6C521EF103D002F64CF /* wine_appTests.swift */; };
		5FC0F6D121EF103D002F64CF /* wine_appUITests.swift in Sources */ = {isa = PBXBuildFile; fileRef = 5FC0F6D021EF103D002F64CF /* wine_appUITests.swift */; };
/* End PBXBuildFile section */

/* Begin PBXContainerItemProxy section */
		5FC0F6C221EF103D002F64CF /* PBXContainerItemProxy */ = {
			isa = PBXContainerItemProxy;
			containerPortal = 5FC0F6A521EF103A002F64CF /* Project object */;
			proxyType = 1;
			remoteGlobalIDString = 5FC0F6AC21EF103A002F64CF;
			remoteInfo = "wine-app";
		};
		5FC0F6CD21EF103D002F64CF /* PBXContainerItemProxy */ = {
			isa = PBXContainerItemProxy;
			containerPortal = 5FC0F6A521EF103A002F64CF /* Project object */;
			proxyType = 1;
			remoteGlobalIDString = 5FC0F6AC21EF103A002F64CF;
			remoteInfo = "wine-app";
		};
/* End PBXContainerItemProxy section */

/* Begin PBXFileReference section */
		5FC0F6AD21EF103A002F64CF /* wine-app.app */ = {isa = PBXFileReference; explicitFileType = wrapper.application; includeInIndex = 0; path = "wine-app.app"; sourceTree = BUILT_PRODUCTS_DIR; };
		5FC0F6B021EF103A002F64CF /* AppDelegate.swift */ = {isa = PBXFileReference; lastKnownFileType = sourcecode.swift; path = AppDelegate.swift; sourceTree = "<group>"; };
		5FC0F6B221EF103A002F64CF /* ViewController.swift */ = {isa = PBXFileReference; lastKnownFileType = sourcecode.swift; path = ViewController.swift; sourceTree = "<group>"; };
		5FC0F6B521EF103A002F64CF /* Base */ = {isa = PBXFileReference; lastKnownFileType = file.storyboard; name = Base; path = Base.lproj/Main.storyboard; sourceTree = "<group>"; };
		5FC0F6B721EF103D002F64CF /* Assets.xcassets */ = {isa = PBXFileReference; lastKnownFileType = folder.assetcatalog; path = Assets.xcassets; sourceTree = "<group>"; };
		5FC0F6BA21EF103D002F64CF /* Base */ = {isa = PBXFileReference; lastKnownFileType = file.storyboard; name = Base; path = Base.lproj/LaunchScreen.storyboard; sourceTree = "<group>"; };
		5FC0F6BC21EF103D002F64CF /* Info.plist */ = {isa = PBXFileReference; lastKnownFileType = text.plist.xml; path = Info.plist; sourceTree = "<group>"; };
		5FC0F6C121EF103D002F64CF /* wine-appTests.xctest */ = {isa = PBXFileReference; explicitFileType = wrapper.cfbundle; includeInIndex = 0; path = "wine-appTests.xctest"; sourceTree = BUILT_PRODUCTS_DIR; };
		5FC0F6C521EF103D002F64CF /* wine_appTests.swift */ = {isa = PBXFileReference; lastKnownFileType = sourcecode.swift; path = wine_appTests.swift; sourceTree = "<group>"; };
		5FC0F6C721EF103D002F64CF /* Info.plist */ = {isa = PBXFileReference; lastKnownFileType = text.plist.xml; path = Info.plist; sourceTree = "<group>"; };
		5FC0F6CC21EF103D002F64CF /* wine-appUITests.xctest */ = {isa = PBXFileReference; explicitFileType = wrapper.cfbundle; includeInIndex = 0; path = "wine-appUITests.xctest"; sourceTree = BUILT_PRODUCTS_DIR; };
		5FC0F6D021EF103D002F64CF /* wine_appUITests.swift */ = {isa = PBXFileReference; lastKnownFileType = sourcecode.swift; path = wine_appUITests.swift; sourceTree = "<group>"; };
		5FC0F6D221EF103D002F64CF /* Info.plist */ = {isa = PBXFileReference; lastKnownFileType = text.plist.xml; path = Info.plist; sourceTree = "<group>"; };
/* End PBXFileReference section */

/* Begin PBXFrameworksBuildPhase section */
		5FC0F6AA21EF103A002F64CF /* Frameworks */ = {
			isa = PBXFrameworksBuildPhase;
			buildActionMask = 2147483647;
			files = (
			);
			runOnlyForDeploymentPostprocessing = 0;
		};
		5FC0F6BE21EF103D002F64CF /* Frameworks */ = {
			isa = PBXFrameworksBuildPhase;
			buildActionMask = 2147483647;
			files = (
			);
			runOnlyForDeploymentPostprocessing = 0;
		};
		5FC0F6C921EF103D002F64CF /* Frameworks */ = {
			isa = PBXFrameworksBuildPhase;
			buildActionMask = 2147483647;
			files = (
			);
			runOnlyForDeploymentPostprocessing = 0;
		};
/* End PBXFrameworksBuildPhase section */

/* Begin PBXGroup section */
		5FC0F6A421EF103A002F64CF = {
			isa = PBXGroup;
			children = (
				5FC0F6AF21EF103A002F64CF /* wine-app */,
				5FC0F6C421EF103D002F64CF /* wine-appTests */,
				5FC0F6CF21EF103D002F64CF /* wine-appUITests */,
				5FC0F6AE21EF103A002F64CF /* Products */,
			);
			sourceTree = "<group>";
		};
		5FC0F6AE21EF103A002F64CF /* Products */ = {
			isa = PBXGroup;
			children = (
				5FC0F6AD21EF103A002F64CF /* wine-app.app */,
				5FC0F6C121EF103D002F64CF /* wine-appTests.xctest */,
				5FC0F6CC21EF103D002F64CF /* wine-appUITests.xctest */,
			);
			name = Products;
			sourceTree = "<group>";
		};
		5FC0F6AF21EF103A002F64CF /* wine-app */ = {
			isa = PBXGroup;
			children = (
				5FC0F6B021EF103A002F64CF /* AppDelegate.swift */,
				5FC0F6B221EF103A002F64CF /* ViewController.swift */,
				5FC0F6B421EF103A002F64CF /* Main.storyboard */,
				5FC0F6B721EF103D002F64CF /* Assets.xcassets */,
				5FC0F6B921EF103D002F64CF /* LaunchScreen.storyboard */,
				5FC0F6BC21EF103D002F64CF /* Info.plist */,
			);
			path = "wine-app";
			sourceTree = "<group>";
		};
		5FC0F6C421EF103D002F64CF /* wine-appTests */ = {
			isa = PBXGroup;
			children = (
				5FC0F6C521EF103D002F64CF /* wine_appTests.swift */,
				5FC0F6C721EF103D002F64CF /* Info.plist */,
			);
			path = "wine-appTests";
			sourceTree = "<group>";
		};
		5FC0F6CF21EF103D002F64CF /* wine-appUITests */ = {
			isa = PBXGroup;
			children = (
				5FC0F6D021EF103D002F64CF /* wine_appUITests.swift */,
				5FC0F6D221EF103D002F64CF /* Info.plist */,
			);
			path = "wine-appUITests";
			sourceTree = "<group>";
		};
/* End PBXGroup section */

/* Begin PBXNativeTarget section */
		5FC0F6AC21EF103A002F64CF /* wine-app */ = {
			isa = PBXNativeTarget;
			buildConfigurationList = 5FC0F6D521EF103D002F64CF /* Build configuration list for PBXNativeTarget "wine-app" */;
			buildPhases = (
				5FC0F6A921EF103A002F64CF /* Sources */,
				5FC0F6AA21EF103A002F64CF /* Frameworks */,
				5FC0F6AB21EF103A002F64CF /* Resources */,
			);
			buildRules = (
			);
			dependencies = (
			);
			name = "wine-app";
			productName = "wine-app";
			productReference = 5FC0F6AD21EF103A002F64CF /* wine-app.app */;
			productType = "com.apple.product-type.application";
		};
		5FC0F6C021EF103D002F64CF /* wine-appTests */ = {
			isa = PBXNativeTarget;
			buildConfigurationList = 5FC0F6D821EF103D002F64CF /* Build configuration list for PBXNativeTarget "wine-appTests" */;
			buildPhases = (
				5FC0F6BD21EF103D002F64CF /* Sources */,
				5FC0F6BE21EF103D002F64CF /* Frameworks */,
				5FC0F6BF21EF103D002F64CF /* Resources */,
			);
			buildRules = (
			);
			dependencies = (
				5FC0F6C321EF103D002F64CF /* PBXTargetDependency */,
			);
			name = "wine-appTests";
			productName = "wine-appTests";
			productReference = 5FC0F6C121EF103D002F64CF /* wine-appTests.xctest */;
			productType = "com.apple.product-type.bundle.unit-test";
		};
		5FC0F6CB21EF103D002F64CF /* wine-appUITests */ = {
			isa = PBXNativeTarget;
			buildConfigurationList = 5FC0F6DB21EF103D002F64CF /* Build configuration list for PBXNativeTarget "wine-appUITests" */;
			buildPhases = (
				5FC0F6C821EF103D002F64CF /* Sources */,
				5FC0F6C921EF103D002F64CF /* Frameworks */,
				5FC0F6CA21EF103D002F64CF /* Resources */,
			);
			buildRules = (
			);
			dependencies = (
				5FC0F6CE21EF103D002F64CF /* PBXTargetDependency */,
			);
			name = "wine-appUITests";
			productName = "wine-appUITests";
			productReference = 5FC0F6CC21EF103D002F64CF /* wine-appUITests.xctest */;
			productType = "com.apple.product-type.bundle.ui-testing";
		};
/* End PBXNativeTarget section */

/* Begin PBXProject section */
		5FC0F6A521EF103A002F64CF /* Project object */ = {
			isa = PBXProject;
			attributes = {
				LastSwiftUpdateCheck = 1000;
				LastUpgradeCheck = 1000;
				ORGANIZATIONNAME = yuelei;
				TargetAttributes = {
					5FC0F6AC21EF103A002F64CF = {
						CreatedOnToolsVersion = 10.0;
					};
					5FC0F6C021EF103D002F64CF = {
						CreatedOnToolsVersion = 10.0;
						TestTargetID = 5FC0F6AC21EF103A002F64CF;
					};
					5FC0F6CB21EF103D002F64CF = {
						CreatedOnToolsVersion = 10.0;
						TestTargetID = 5FC0F6AC21EF103A002F64CF;
					};
				};
			};
			buildConfigurationList = 5FC0F6A821EF103A002F64CF /* Build configuration list for PBXProject "wine-app" */;
			compatibilityVersion = "Xcode 9.3";
			developmentRegion = en;
			hasScannedForEncodings = 0;
			knownRegions = (
				en,
				Base,
			);
			mainGroup = 5FC0F6A421EF103A002F64CF;
			productRefGroup = 5FC0F6AE21EF103A002F64CF /* Products */;
			projectDirPath = "";
			projectRoot = "";
			targets = (
				5FC0F6AC21EF103A002F64CF /* wine-app */,
				5FC0F6C021EF103D002F64CF /* wine-appTests */,
				5FC0F6CB21EF103D002F64CF /* wine-appUITests */,
			);
		};
/* End PBXProject section */

/* Begin PBXResourcesBuildPhase section */
		5FC0F6AB21EF103A002F64CF /* Resources */ = {
			isa = PBXResourcesBuildPhase;
			buildActionMask = 2147483647;
			files = (
				5FC0F6BB21EF103D002F64CF /* LaunchScreen.storyboard in Resources */,
				5FC0F6B821EF103D002F64CF /* Assets.xcassets in Resources */,
				5FC0F6B621EF103A002F64CF /* Main.storyboard in Resources */,
			);
			runOnlyForDeploymentPostprocessing = 0;
		};
		5FC0F6BF21EF103D002F64CF /* Resources */ = {
			isa = PBXResourcesBuildPhase;
			buildActionMask = 2147483647;
			files = (
			);
			runOnlyForDeploymentPostprocessing = 0;
		};
		5FC0F6CA21EF103D002F64CF /* Resources */ = {
			isa = PBXResourcesBuildPhase;
			buildActionMask = 2147483647;
			files = (
			);
			runOnlyForDeploymentPostprocessing = 0;
		};
/* End PBXResourcesBuildPhase section */

/* Begin PBXSourcesBuildPhase section */
		5FC0F6A921EF103A002F64CF /* Sources */ = {
			isa = PBXSourcesBuildPhase;
			buildActionMask = 2147483647;
			files = (
				5FC0F6B321EF103A002F64CF /* ViewController.swift in Sources */,
				5FC0F6B121EF103A002F64CF /* AppDelegate.swift in Sources */,
			);
			runOnlyForDeploymentPostprocessing = 0;
		};
		5FC0F6BD21EF103D002F64CF /* Sources */ = {
			isa = PBXSourcesBuildPhase;
			buildActionMask = 2147483647;
			files = (
				5FC0F6C621EF103D002F64CF /* wine_appTests.swift in Sources */,
			);
			runOnlyForDeploymentPostprocessing = 0;
		};
		5FC0F6C821EF103D002F64CF /* Sources */ = {
			isa = PBXSourcesBuildPhase;
			buildActionMask = 2147483647;
			files = (
				5FC0F6D121EF103D002F64CF /* wine_appUITests.swift in Sources */,
			);
			runOnlyForDeploymentPostprocessing = 0;
		};
/* End PBXSourcesBuildPhase section */

/* Begin PBXTargetDependency section */
		5FC0F6C321EF103D002F64CF /* PBXTargetDependency */ = {
			isa = PBXTargetDependency;
			target = 5FC0F6AC21EF103A002F64CF /* wine-app */;
			targetProxy = 5FC0F6C221EF103D002F64CF /* PBXContainerItemProxy */;
		};
		5FC0F6CE21EF103D002F64CF /* PBXTargetDependency */ = {
			isa = PBXTargetDependency;
			target = 5FC0F6AC21EF103A002F64CF /* wine-app */;
			targetProxy = 5FC0F6CD21EF103D002F64CF /* PBXContainerItemProxy */;
		};
/* End PBXTargetDependency section */

/* Begin PBXVariantGroup section */
		5FC0F6B421EF103A002F64CF /* Main.storyboard */ = {
			isa = PBXVariantGroup;
			children = (
				5FC0F6B521EF103A002F64CF /* Base */,
			);
			name = Main.storyboard;
			sourceTree = "<group>";
		};
		5FC0F6B921EF103D002F64CF /* LaunchScreen.storyboard */ = {
			isa = PBXVariantGroup;
			children = (
				5FC0F6BA21EF103D002F64CF /* Base */,
			);
			name = LaunchScreen.storyboard;
			sourceTree = "<group>";
		};
/* End PBXVariantGroup section */

/* Begin XCBuildConfiguration section */
		5FC0F6D321EF103D002F64CF /* Debug */ = {
			isa = XCBuildConfiguration;
			buildSettings = {
				ALWAYS_SEARCH_USER_PATHS = NO;
				CLANG_ANALYZER_NONNULL = YES;
				CLANG_ANALYZER_NUMBER_OBJECT_CONVERSION = YES_AGGRESSIVE;
				CLANG_CXX_LANGUAGE_STANDARD = "gnu++14";
				CLANG_CXX_LIBRARY = "libc++";
				CLANG_ENABLE_MODULES = YES;
				CLANG_ENABLE_OBJC_ARC = YES;
				CLANG_ENABLE_OBJC_WEAK = YES;
				CLANG_WARN_BLOCK_CAPTURE_AUTORELEASING = YES;
				CLANG_WARN_BOOL_CONVERSION = YES;
				CLANG_WARN_COMMA = YES;
				CLANG_WARN_CONSTANT_CONVERSION = YES;
				CLANG_WARN_DEPRECATED_OBJC_IMPLEMENTATIONS = YES;
				CLANG_WARN_DIRECT_OBJC_ISA_USAGE = YES_ERROR;
				CLANG_WARN_DOCUMENTATION_COMMENTS = YES;
				CLANG_WARN_EMPTY_BODY = YES;
				CLANG_WARN_ENUM_CONVERSION = YES;
				CLANG_WARN_INFINITE_RECURSION = YES;
				CLANG_WARN_INT_CONVERSION = YES;
				CLANG_WARN_NON_LITERAL_NULL_CONVERSION = YES;
				CLANG_WARN_OBJC_IMPLICIT_RETAIN_SELF = YES;
				CLANG_WARN_OBJC_LITERAL_CONVERSION = YES;
				CLANG_WARN_OBJC_ROOT_CLASS = YES_ERROR;
				CLANG_WARN_RANGE_LOOP_ANALYSIS = YES;
				CLANG_WARN_STRICT_PROTOTYPES = YES;
				CLANG_WARN_SUSPICIOUS_MOVE = YES;
				CLANG_WARN_UNGUARDED_AVAILABILITY = YES_AGGRESSIVE;
				CLANG_WARN_UNREACHABLE_CODE = YES;
				CLANG_WARN__DUPLICATE_METHOD_MATCH = YES;
				CODE_SIGN_IDENTITY = "iPhone Developer";
				COPY_PHASE_STRIP = NO;
				DEBUG_INFORMATION_FORMAT = dwarf;
				ENABLE_STRICT_OBJC_MSGSEND = YES;
				ENABLE_TESTABILITY = YES;
				GCC_C_LANGUAGE_STANDARD = gnu11;
				GCC_DYNAMIC_NO_PIC = NO;
				GCC_NO_COMMON_BLOCKS = YES;
				GCC_OPTIMIZATION_LEVEL = 0;
				GCC_PREPROCESSOR_DEFINITIONS = (
					"DEBUG=1",
					"$(inherited)",
				);
				GCC_WARN_64_TO_32_BIT_CONVERSION = YES;
				GCC_WARN_ABOUT_RETURN_TYPE = YES_ERROR;
				GCC_WARN_UNDECLARED_SELECTOR = YES;
				GCC_WARN_UNINITIALIZED_AUTOS = YES_AGGRESSIVE;
				GCC_WARN_UNUSED_FUNCTION = YES;
				GCC_WARN_UNUSED_VARIABLE = YES;
				IPHONEOS_DEPLOYMENT_TARGET = 12.0;
				MTL_ENABLE_DEBUG_INFO = INCLUDE_SOURCE;
				MTL_FAST_MATH = YES;
				ONLY_ACTIVE_ARCH = YES;
				SDKROOT = iphoneos;
				SWIFT_ACTIVE_COMPILATION_CONDITIONS = DEBUG;
				SWIFT_OPTIMIZATION_LEVEL = "-Onone";
			};
			name = Debug;
		};
		5FC0F6D421EF103D002F64CF /* Release */ = {
			isa = XCBuildConfiguration;
			buildSettings = {
				ALWAYS_SEARCH_USER_PATHS = NO;
				CLANG_ANALYZER_NONNULL = YES;
				CLANG_ANALYZER_NUMBER_OBJECT_CONVERSION = YES_AGGRESSIVE;
				CLANG_CXX_LANGUAGE_STANDARD = "gnu++14";
				CLANG_CXX_LIBRARY = "libc++";
				CLANG_ENABLE_MODULES = YES;
				CLANG_ENABLE_OBJC_ARC = YES;
				CLANG_ENABLE_OBJC_WEAK = YES;
				CLANG_WARN_BLOCK_CAPTURE_AUTORELEASING = YES;
				CLANG_WARN_BOOL_CONVERSION = YES;
				CLANG_WARN_COMMA = YES;
				CLANG_WARN_CONSTANT_CONVERSION = YES;
				CLANG_WARN_DEPRECATED_OBJC_IMPLEMENTATIONS = YES;
				CLANG_WARN_DIRECT_OBJC_ISA_USAGE = YES_ERROR;
				CLANG_WARN_DOCUMENTATION_COMMENTS = YES;
				CLANG_WARN_EMPTY_BODY = YES;
				CLANG_WARN_ENUM_CONVERSION = YES;
				CLANG_WARN_INFINITE_RECURSION = YES;
				CLANG_WARN_INT_CONVERSION = YES;
				CLANG_WARN_NON_LITERAL_NULL_CONVERSION = YES;
				CLANG_WARN_OBJC_IMPLICIT_RETAIN_SELF = YES;
				CLANG_WARN_OBJC_LITERAL_CONVERSION = YES;
				CLANG_WARN_OBJC_ROOT_CLASS = YES_ERROR;
				CLANG_WARN_RANGE_LOOP_ANALYSIS = YES;
				CLANG_WARN_STRICT_PROTOTYPES = YES;
				CLANG_WARN_SUSPICIOUS_MOVE = YES;
				CLANG_WARN_UNGUARDED_AVAILABILITY = YES_AGGRESSIVE;
				CLANG_WARN_UNREACHABLE_CODE = YES;
				CLANG_WARN__DUPLICATE_METHOD_MATCH = YES;
				CODE_SIGN_IDENTITY = "iPhone Developer";
				COPY_PHASE_STRIP = NO;
				DEBUG_INFORMATION_FORMAT = "dwarf-with-dsym";
				ENABLE_NS_ASSERTIONS = NO;
				ENABLE_STRICT_OBJC_MSGSEND = YES;
				GCC_C_LANGUAGE_STANDARD = gnu11;
				GCC_NO_COMMON_BLOCKS = YES;
				GCC_WARN_64_TO_32_BIT_CONVERSION = YES;
				GCC_WARN_ABOUT_RETURN_TYPE = YES_ERROR;
				GCC_WARN_UNDECLARED_SELECTOR = YES;
				GCC_WARN_UNINITIALIZED_AUTOS = YES_AGGRESSIVE;
				GCC_WARN_UNUSED_FUNCTION = YES;
				GCC_WARN_UNUSED_VARIABLE = YES;
				IPHONEOS_DEPLOYMENT_TARGET = 12.0;
				MTL_ENABLE_DEBUG_INFO = NO;
				MTL_FAST_MATH = YES;
				SDKROOT = iphoneos;
				SWIFT_COMPILATION_MODE = wholemodule;
				SWIFT_OPTIMIZATION_LEVEL = "-O";
				VALIDATE_PRODUCT = YES;
			};
			name = Release;
		};
		5FC0F6D621EF103D002F64CF /* Debug */ = {
			isa = XCBuildConfiguration;
			buildSettings = {
				ASSETCATALOG_COMPILER_APPICON_NAME = AppIcon;
				CODE_SIGN_STYLE = Automatic;
				DEVELOPMENT_TEAM = 8D34AK75W9;
				INFOPLIST_FILE = "wine-app/Info.plist";
				LD_RUNPATH_SEARCH_PATHS = (
					"$(inherited)",
					"@executable_path/Frameworks",
				);
				PRODUCT_BUNDLE_IDENTIFIER = "-.wine-app";
				PRODUCT_NAME = "$(TARGET_NAME)";
				SWIFT_VERSION = 4.2;
				TARGETED_DEVICE_FAMILY = "1,2";
			};
			name = Debug;
		};
		5FC0F6D721EF103D002F64CF /* Release */ = {
			isa = XCBuildConfiguration;
			buildSettings = {
				ASSETCATALOG_COMPILER_APPICON_NAME = AppIcon;
				CODE_SIGN_STYLE = Automatic;
				DEVELOPMENT_TEAM = 8D34AK75W9;
				INFOPLIST_FILE = "wine-app/Info.plist";
				LD_RUNPATH_SEARCH_PATHS = (
					"$(inherited)",
					"@executable_path/Frameworks",
				);
				PRODUCT_BUNDLE_IDENTIFIER = "-.wine-app";
				PRODUCT_NAME = "$(TARGET_NAME)";
				SWIFT_VERSION = 4.2;
				TARGETED_DEVICE_FAMILY = "1,2";
			};
			name = Release;
		};
		5FC0F6D921EF103D002F64CF /* Debug */ = {
			isa = XCBuildConfiguration;
			buildSettings = {
				ALWAYS_EMBED_SWIFT_STANDARD_LIBRARIES = YES;
				BUNDLE_LOADER = "$(TEST_HOST)";
				CODE_SIGN_STYLE = Automatic;
				DEVELOPMENT_TEAM = 8D34AK75W9;
				INFOPLIST_FILE = "wine-appTests/Info.plist";
				LD_RUNPATH_SEARCH_PATHS = (
					"$(inherited)",
					"@executable_path/Frameworks",
					"@loader_path/Frameworks",
				);
				PRODUCT_BUNDLE_IDENTIFIER = "-.wine-appTests";
				PRODUCT_NAME = "$(TARGET_NAME)";
				SWIFT_VERSION = 4.2;
				TARGETED_DEVICE_FAMILY = "1,2";
				TEST_HOST = "$(BUILT_PRODUCTS_DIR)/wine-app.app/wine-app";
			};
			name = Debug;
		};
		5FC0F6DA21EF103D002F64CF /* Release */ = {
			isa = XCBuildConfiguration;
			buildSettings = {
				ALWAYS_EMBED_SWIFT_STANDARD_LIBRARIES = YES;
				BUNDLE_LOADER = "$(TEST_HOST)";
				CODE_SIGN_STYLE = Automatic;
				DEVELOPMENT_TEAM = 8D34AK75W9;
				INFOPLIST_FILE = "wine-appTests/Info.plist";
				LD_RUNPATH_SEARCH_PATHS = (
					"$(inherited)",
					"@executable_path/Frameworks",
					"@loader_path/Frameworks",
				);
				PRODUCT_BUNDLE_IDENTIFIER = "-.wine-appTests";
				PRODUCT_NAME = "$(TARGET_NAME)";
				SWIFT_VERSION = 4.2;
				TARGETED_DEVICE_FAMILY = "1,2";
				TEST_HOST = "$(BUILT_PRODUCTS_DIR)/wine-app.app/wine-app";
			};
			name = Release;
		};
		5FC0F6DC21EF103D002F64CF /* Debug */ = {
			isa = XCBuildConfiguration;
			buildSettings = {
				ALWAYS_EMBED_SWIFT_STANDARD_LIBRARIES = YES;
				CODE_SIGN_STYLE = Automatic;
				DEVELOPMENT_TEAM = 8D34AK75W9;
				INFOPLIST_FILE = "wine-appUITests/Info.plist";
				LD_RUNPATH_SEARCH_PATHS = (
					"$(inherited)",
					"@executable_path/Frameworks",
					"@loader_path/Frameworks",
				);
				PRODUCT_BUNDLE_IDENTIFIER = "-.wine-appUITests";
				PRODUCT_NAME = "$(TARGET_NAME)";
				SWIFT_VERSION = 4.2;
				TARGETED_DEVICE_FAMILY = "1,2";
				TEST_TARGET_NAME = "wine-app";
			};
			name = Debug;
		};
		5FC0F6DD21EF103D002F64CF /* Release */ = {
			isa = XCBuildConfiguration;
			buildSettings = {
				ALWAYS_EMBED_SWIFT_STANDARD_LIBRARIES = YES;
				CODE_SIGN_STYLE = Automatic;
				DEVELOPMENT_TEAM = 8D34AK75W9;
				INFOPLIST_FILE = "wine-appUITests/Info.plist";
				LD_RUNPATH_SEARCH_PATHS = (
					"$(inherited)",
					"@executable_path/Frameworks",
					"@loader_path/Frameworks",
				);
				PRODUCT_BUNDLE_IDENTIFIER = "-.wine-appUITests";
				PRODUCT_NAME = "$(TARGET_NAME)";
				SWIFT_VERSION = 4.2;
				TARGETED_DEVICE_FAMILY = "1,2";
				TEST_TARGET_NAME = "wine-app";
			};
			name = Release;
		};
/* End XCBuildConfiguration section */

/* Begin XCConfigurationList section */
		5FC0F6A821EF103A002F64CF /* Build configuration list for PBXProject "wine-app" */ = {
			isa = XCConfigurationList;
			buildConfigurations = (
				5FC0F6D321EF103D002F64CF /* Debug */,
				5FC0F6D421EF103D002F64CF /* Release */,
			);
			defaultConfigurationIsVisible = 0;
			defaultConfigurationName = Release;
		};
		5FC0F6D521EF103D002F64CF /* Build configuration list for PBXNativeTarget "wine-app" */ = {
			isa = XCConfigurationList;
			buildConfigurations = (
				5FC0F6D621EF103D002F64CF /* Debug */,
				5FC0F6D721EF103D002F64CF /* Release */,
			);
			defaultConfigurationIsVisible = 0;
			defaultConfigurationName = Release;
		};
		5FC0F6D821EF103D002F64CF /* Build configuration list for PBXNativeTarget "wine-appTests" */ = {
			isa = XCConfigurationList;
			buildConfigurations = (
				5FC0F6D921EF103D002F64CF /* Debug */,
				5FC0F6DA21EF103D002F64CF /* Release */,
			);
			defaultConfigurationIsVisible = 0;
			defaultConfigurationName = Release;
		};
		5FC0F6DB21EF103D002F64CF /* Build configuration list for PBXNativeTarget "wine-appUITests" */ = {
			isa = XCConfigurationList;
			buildConfigurations = (
				5FC0F6DC21EF103D002F64CF /* Debug */,
				5FC0F6DD21EF103D002F64CF /* Release */,
			);
			defaultConfigurationIsVisible = 0;
			defaultConfigurationName = Release;
		};
/* End XCConfigurationList section */
	};
	rootObject = 5FC0F6A521EF103A002F64CF /* Project object */;
}
